
Microsoft Visual Studio Solution File, Format Version 12.00
# Visual Studio Version 17
VisualStudioVersion = 17.9.34728.123
MinimumVisualStudioVersion = 10.0.40219.1
Project("{9A19103F-16F7-4668-BE54-9A1E7A4F7556}") = "SportHire.Identity.API", "SportHire.Identity.API\SportHire.Identity.API.csproj", "{B90F809E-39CF-499F-AC8F-D634A442F720}"
EndProject
Project("{2150E333-8FDC-42A3-9474-1A3956D46DE8}") = "Itens de Solução", "Itens de Solução", "{BC3940A4-2B01-42FF-853C-FACA23D71657}"
	ProjectSection(SolutionItems) = preProject
		docker-compose.yml = docker-compose.yml
	EndProjectSection
EndProject
Project("{9A19103F-16F7-4668-BE54-9A1E7A4F7556}") = "SportHire.Identity.Core", "SportHire.Identity.Core\SportHire.Identity.Core.csproj", "{02623387-28FF-4D7D-B570-01440ED7DC4B}"
EndProject
Project("{9A19103F-16F7-4668-BE54-9A1E7A4F7556}") = "SportHire.Identity.Infrastructure", "SportHire.Identity.Infrastructure\SportHire.Identity.Infrastructure.csproj", "{2D601309-D82A-4F3E-A147-3ACEAA1A1C23}"
EndProject
Project("{FAE04EC0-301F-11D3-BF4B-00C04F79EFBC}") = "SportHire.Identity.Application", "SportHire.Identity.Application\SportHire.Identity.Application.csproj", "{B77C29AE-07CC-44EE-BBBB-D4628AD46154}"
EndProject
Global
	GlobalSection(SolutionConfigurationPlatforms) = preSolution
		Debug|Any CPU = Debug|Any CPU
		Release|Any CPU = Release|Any CPU
	EndGlobalSection
	GlobalSection(ProjectConfigurationPlatforms) = postSolution
		{B90F809E-39CF-499F-AC8F-D634A442F720}.Debug|Any CPU.ActiveCfg = Debug|Any CPU
		{B90F809E-39CF-499F-AC8F-D634A442F720}.Debug|Any CPU.Build.0 = Debug|Any CPU
		{B90F809E-39CF-499F-AC8F-D634A442F720}.Release|Any CPU.ActiveCfg = Release|Any CPU
		{B90F809E-39CF-499F-AC8F-D634A442F720}.Release|Any CPU.Build.0 = Release|Any CPU
		{02623387-28FF-4D7D-B570-01440ED7DC4B}.Debug|Any CPU.ActiveCfg = Debug|Any CPU
		{02623387-28FF-4D7D-B570-01440ED7DC4B}.Debug|Any CPU.Build.0 = Debug|Any CPU
		{02623387-28FF-4D7D-B570-01440ED7DC4B}.Release|Any CPU.ActiveCfg = Release|Any CPU
		{02623387-28FF-4D7D-B570-01440ED7DC4B}.Release|Any CPU.Build.0 = Release|Any CPU
		{2D601309-D82A-4F3E-A147-3ACEAA1A1C23}.Debug|Any CPU.ActiveCfg = Debug|Any CPU
		{2D601309-D82A-4F3E-A147-3ACEAA1A1C23}.Debug|Any CPU.Build.0 = Debug|Any CPU
		{2D601309-D82A-4F3E-A147-3ACEAA1A1C23}.Release|Any CPU.ActiveCfg = Release|Any CPU
		{2D601309-D82A-4F3E-A147-3ACEAA1A1C23}.Release|Any CPU.Build.0 = Release|Any CPU
		{B77C29AE-07CC-44EE-BBBB-D4628AD46154}.Debug|Any CPU.ActiveCfg = Debug|Any CPU
		{B77C29AE-07CC-44EE-BBBB-D4628AD46154}.Debug|Any CPU.Build.0 = Debug|Any CPU
		{B77C29AE-07CC-44EE-BBBB-D4628AD46154}.Release|Any CPU.ActiveCfg = Release|Any CPU
		{B77C29AE-07CC-44EE-BBBB-D4628AD46154}.Release|Any CPU.Build.0 = Release|Any CPU
	EndGlobalSection
	GlobalSection(SolutionProperties) = preSolution
		HideSolutionNode = FALSE
	EndGlobalSection
	GlobalSection(ExtensibilityGlobals) = postSolution
		SolutionGuid = {82D86AA0-A377-477D-9161-D5E8A84785A1}
	EndGlobalSection
EndGlobal
