
Microsoft Visual Studio Solution File, Format Version 12.00
# Visual Studio Version 17
VisualStudioVersion = 17.9.34728.123
MinimumVisualStudioVersion = 10.0.40219.1
Project("{9A19103F-16F7-4668-BE54-9A1E7A4F7556}") = "SportHire.Events.API", "SportHire.Events.API\SportHire.Events.API.csproj", "{0246213E-A587-4CC8-B6EF-AEE095EF576B}"
EndProject
Project("{2150E333-8FDC-42A3-9474-1A3956D46DE8}") = "Itens de Solução", "Itens de Solução", "{2933FDD6-9B3D-4E9E-82BA-61197A501C21}"
	ProjectSection(SolutionItems) = preProject
		docker-compose.yml = docker-compose.yml
	EndProjectSection
EndProject
Project("{9A19103F-16F7-4668-BE54-9A1E7A4F7556}") = "SportHire.Events.Infrastructure", "SportHire.Events.Infrastructure\SportHire.Events.Infrastructure.csproj", "{48E0D731-D5E1-4E98-95CE-1CB797DCDC4C}"
EndProject
Project("{FAE04EC0-301F-11D3-BF4B-00C04F79EFBC}") = "SportHire.Events.Core", "SportHire.Events.Core\SportHire.Events.Core.csproj", "{77CCE455-2D9F-462C-9750-E32190FF245A}"
EndProject
Global
	GlobalSection(SolutionConfigurationPlatforms) = preSolution
		Debug|Any CPU = Debug|Any CPU
		Release|Any CPU = Release|Any CPU
	EndGlobalSection
	GlobalSection(ProjectConfigurationPlatforms) = postSolution
		{0246213E-A587-4CC8-B6EF-AEE095EF576B}.Debug|Any CPU.ActiveCfg = Debug|Any CPU
		{0246213E-A587-4CC8-B6EF-AEE095EF576B}.Debug|Any CPU.Build.0 = Debug|Any CPU
		{0246213E-A587-4CC8-B6EF-AEE095EF576B}.Release|Any CPU.ActiveCfg = Release|Any CPU
		{0246213E-A587-4CC8-B6EF-AEE095EF576B}.Release|Any CPU.Build.0 = Release|Any CPU
		{48E0D731-D5E1-4E98-95CE-1CB797DCDC4C}.Debug|Any CPU.ActiveCfg = Debug|Any CPU
		{48E0D731-D5E1-4E98-95CE-1CB797DCDC4C}.Debug|Any CPU.Build.0 = Debug|Any CPU
		{48E0D731-D5E1-4E98-95CE-1CB797DCDC4C}.Release|Any CPU.ActiveCfg = Release|Any CPU
		{48E0D731-D5E1-4E98-95CE-1CB797DCDC4C}.Release|Any CPU.Build.0 = Release|Any CPU
		{77CCE455-2D9F-462C-9750-E32190FF245A}.Debug|Any CPU.ActiveCfg = Debug|Any CPU
		{77CCE455-2D9F-462C-9750-E32190FF245A}.Debug|Any CPU.Build.0 = Debug|Any CPU
		{77CCE455-2D9F-462C-9750-E32190FF245A}.Release|Any CPU.ActiveCfg = Release|Any CPU
		{77CCE455-2D9F-462C-9750-E32190FF245A}.Release|Any CPU.Build.0 = Release|Any CPU
	EndGlobalSection
	GlobalSection(SolutionProperties) = preSolution
		HideSolutionNode = FALSE
	EndGlobalSection
	GlobalSection(ExtensibilityGlobals) = postSolution
		SolutionGuid = {5BBAA5CD-37E2-4A11-9D9E-2240B0753A49}
	EndGlobalSection
EndGlobal
